
Microsoft Visual Studio Solution File, Format Version 12.00
# Visual Studio Version 17
VisualStudioVersion = 17.14.37111.16 d17.14
MinimumVisualStudioVersion = 10.0.40219.1
Project("{FAE04EC0-301F-11D3-BF4B-00C04F79EFBC}") = "Linque02", "Linque02\Linque02.csproj", "{986B0526-0BF7-4860-BB35-091EDBD784C9}"
EndProject
Global
	GlobalSection(SolutionConfigurationPlatforms) = preSolution
		Debug|Any CPU = Debug|Any CPU
		Release|Any CPU = Release|Any CPU
	EndGlobalSection
	GlobalSection(ProjectConfigurationPlatforms) = postSolution
		{986B0526-0BF7-4860-BB35-091EDBD784C9}.Debug|Any CPU.ActiveCfg = Debug|Any CPU
		{986B0526-0BF7-4860-BB35-091EDBD784C9}.Debug|Any CPU.Build.0 = Debug|Any CPU
		{986B0526-0BF7-4860-BB35-091EDBD784C9}.Release|Any CPU.ActiveCfg = Release|Any CPU
		{986B0526-0BF7-4860-BB35-091EDBD784C9}.Release|Any CPU.Build.0 = Release|Any CPU
	EndGlobalSection
	GlobalSection(SolutionProperties) = preSolution
		HideSolutionNode = FALSE
	EndGlobalSection
	GlobalSection(ExtensibilityGlobals) = postSolution
		SolutionGuid = {2ED8EE0D-71E5-47FE-9044-ECA236B2B0B5}
	EndGlobalSection
EndGlobal
